<?xml version="1.0" encoding="utf-8"?>
<Project ToolsVersion="4.0" xmlns="http://schemas.microsoft.com/developer/msbuild/2003">
  <ItemGroup>
    <Filter Include="Source Files">
      <UniqueIdentifier>{4FC737F1-C7A5-4376-A066-2A32D752A2FF}</UniqueIdentifier>
      <Extensions>cpp;c;cc;cxx;def;odl;idl;hpj;bat;asm;asmx</Extensions>
    </Filter>
    <Filter Include="Header Files">
      <UniqueIdentifier>{93995380-89BD-4b04-88EB-625FBE52EBFB}</UniqueIdentifier>
      <Extensions>h;hpp;hxx;hm;inl;inc;xsd</Extensions>
    </Filter>
    <Filter Include="Resource Files">
      <UniqueIdentifier>{67DA6AB6-F800-4c08-8B7A-83BB121AAD01}</UniqueIdentifier>
      <Extensions>rc;ico;cur;bmp;dlg;rc2;rct;bin;rgs;gif;jpg;jpeg;jpe;resx;tiff;tif;png;wav;mfcribbon-ms</Extensions>
    </Filter>
    <Filter Include="HTML Help Files">
      <UniqueIdentifier>{b0fc5ec5-07f9-46e0-a194-f1998073b7ed}</UniqueIdentifier>
      <Extensions>hhp;hhc;hhk;gif;jpg</Extensions>
    </Filter>
    <Filter Include="HTML Help Topics">
      <UniqueIdentifier>{ea4f56f0-a2d5-43ce-a452-e474ec9d2341}</UniqueIdentifier>
      <Extensions>htm;html</Extensions>
    </Filter>
  </ItemGroup>
  <ItemGroup>
    <None Include="ReadMe.txt" />
    <None Include="res\AttendanceRecord.rc2">
      <Filter>Resource Files</Filter>
    </None>
    <None Include="res\AttendanceRecord.ico">
      <Filter>Resource Files</Filter>
    </None>
    <None Include="hlp\AttendanceRecord.hhk">
      <Filter>HTML Help Files</Filter>
    </None>
    <None Include="hlp\HIDD_ROOT_DIALOG.htm">
      <Filter>HTML Help Topics</Filter>
    </None>
    <None Include="hlp\AttendanceRecord.hhc">
      <Filter>HTML Help Files</Filter>
    </None>
  </ItemGroup>
  <ItemGroup>
    <ClInclude Include="AttendanceRecord.h">
      <Filter>Header Files</Filter>
    </ClInclude>
    <ClInclude Include="MainDlg.h">
      <Filter>Header Files</Filter>
    </ClInclude>
    <ClInclude Include="stdafx.h">
      <Filter>Header Files</Filter>
    </ClInclude>
    <ClInclude Include="targetver.h">
      <Filter>Header Files</Filter>
    </ClInclude>
    <ClInclude Include="AdminDlg.h">
      <Filter>Header Files</Filter>
    </ClInclude>
    <ClInclude Include="LoginDlg.h">
      <Filter>Header Files</Filter>
    </ClInclude>
    <ClInclude Include="InfoPage.h">
      <Filter>Header Files</Filter>
    </ClInclude>
    <ClInclude Include="RecorderPage.h">
      <Filter>Header Files</Filter>
    </ClInclude>
    <ClInclude Include="TrainPage.h">
      <Filter>Header Files</Filter>
    </ClInclude>
    <ClInclude Include="TestPage.h">
      <Filter>Header Files</Filter>
    </ClInclude>
    <ClInclude Include="ADOConn.h">
      <Filter>Header Files</Filter>
    </ClInclude>
    <ClInclude Include="DataBase.h">
      <Filter>Header Files</Filter>
    </ClInclude>
    <ClInclude Include="User.h">
      <Filter>Header Files</Filter>
    </ClInclude>
  </ItemGroup>
  <ItemGroup>
    <ClCompile Include="AttendanceRecord.cpp">
      <Filter>Source Files</Filter>
    </ClCompile>
    <ClCompile Include="MainDlg.cpp">
      <Filter>Source Files</Filter>
    </ClCompile>
    <ClCompile Include="stdafx.cpp">
      <Filter>Source Files</Filter>
    </ClCompile>
    <ClCompile Include="AdminDlg.cpp">
      <Filter>Source Files</Filter>
    </ClCompile>
    <ClCompile Include="LoginDlg.cpp">
      <Filter>Source Files</Filter>
    </ClCompile>
    <ClCompile Include="InfoPage.cpp">
      <Filter>Source Files</Filter>
    </ClCompile>
    <ClCompile Include="RecorderPage.cpp">
      <Filter>Source Files</Filter>
    </ClCompile>
    <ClCompile Include="TrainPage.cpp">
      <Filter>Source Files</Filter>
    </ClCompile>
    <ClCompile Include="TestPage.cpp">
      <Filter>Source Files</Filter>
    </ClCompile>
    <ClCompile Include="ADOConn.cpp">
      <Filter>Source Files</Filter>
    </ClCompile>
    <ClCompile Include="DataBase.cpp">
      <Filter>Source Files</Filter>
    </ClCompile>
    <ClCompile Include="User.cpp">
      <Filter>Source Files</Filter>
    </ClCompile>
  </ItemGroup>
  <ItemGroup>
    <ResourceCompile Include="AttendanceRecord.rc">
      <Filter>Resource Files</Filter>
    </ResourceCompile>
  </ItemGroup>
  <ItemGroup>
    <CustomBuild Include="hlp\AttendanceRecord.hhp">
      <Filter>HTML Help Files</Filter>
    </CustomBuild>
    <CustomBuild Include="Resource.h">
      <Filter>Header Files</Filter>
    </CustomBuild>
  </ItemGroup>
</Project>